
Microsoft Visual Studio Solution File, Format Version 12.00
# Visual Studio Version 16
VisualStudioVersion = 16.0.31112.23
MinimumVisualStudioVersion = 10.0.40219.1
Project("{8BC9CEB8-8B4A-11D0-8D11-00A0C91BC942}") = "HW2", "HW2\HW2.vcxproj", "{585792F6-D57C-4499-BCE7-98515E2672D8}"
EndProject
Global
	GlobalSection(SolutionConfigurationPlatforms) = preSolution
		Debug|x64 = Debug|x64
		Debug|x86 = Debug|x86
		Release|x64 = Release|x64
		Release|x86 = Release|x86
	EndGlobalSection
	GlobalSection(ProjectConfigurationPlatforms) = postSolution
		{585792F6-D57C-4499-BCE7-98515E2672D8}.Debug|x64.ActiveCfg = Debug|x64
		{585792F6-D57C-4499-BCE7-98515E2672D8}.Debug|x64.Build.0 = Debug|x64
		{585792F6-D57C-4499-BCE7-98515E2672D8}.Debug|x86.ActiveCfg = Debug|Win32
		{585792F6-D57C-4499-BCE7-98515E2672D8}.Debug|x86.Build.0 = Debug|Win32
		{585792F6-D57C-4499-BCE7-98515E2672D8}.Release|x64.ActiveCfg = Release|x64
		{585792F6-D57C-4499-BCE7-98515E2672D8}.Release|x64.Build.0 = Release|x64
		{585792F6-D57C-4499-BCE7-98515E2672D8}.Release|x86.ActiveCfg = Release|Win32
		{585792F6-D57C-4499-BCE7-98515E2672D8}.Release|x86.Build.0 = Release|Win32
	EndGlobalSection
	GlobalSection(SolutionProperties) = preSolution
		HideSolutionNode = FALSE
	EndGlobalSection
	GlobalSection(ExtensibilityGlobals) = postSolution
		SolutionGuid = {9D3769AF-2D70-4C07-968F-F007BF4D6A15}
	EndGlobalSection
EndGlobal
